<?xml version="1.0" encoding="utf-8"?>
<Project ToolsVersion="4.0" xmlns="http://schemas.microsoft.com/developer/msbuild/2003">
  <ItemGroup>
    <Filter Include="HeaderFiles">
      <UniqueIdentifier>{3bf5b30c-6b04-4593-b678-2591b268bf5b}</UniqueIdentifier>
    </Filter>
    <Filter Include="HeaderFiles\AudioFormats">
      <UniqueIdentifier>{f40df24f-bf38-4d63-b84d-11d0822b8e2a}</UniqueIdentifier>
    </Filter>
    <Filter Include="HeaderFiles\AudioStructs">
      <UniqueIdentifier>{7fc1bede-5a56-4a47-b312-361959bfca91}</UniqueIdentifier>
    </Filter>
    <Filter Include="HeaderFiles\NativeAudio">
      <UniqueIdentifier>{28bbd6b8-db48-4d3f-b928-cdc7c7e87297}</UniqueIdentifier>
    </Filter>
    <Filter Include="HeaderFiles\Events">
      <UniqueIdentifier>{242ac56b-00c4-4282-ba24-06be01d4bd40}</UniqueIdentifier>
    </Filter>
    <Filter Include="HeaderFiles\Events\Args">
      <UniqueIdentifier>{21cab1f0-6e19-48e2-9eec-7c21178e4bc7}</UniqueIdentifier>
    </Filter>
    <Filter Include="HeaderFiles\Events\Results">
      <UniqueIdentifier>{fee30d6f-5a01-4043-9a4d-bff499127af7}</UniqueIdentifier>
    </Filter>
    <Filter Include="HeaderFiles\Oscillators">
      <UniqueIdentifier>{6aa74870-c719-4d8f-855f-b0362054fbd8}</UniqueIdentifier>
    </Filter>
    <Filter Include="HeaderFiles\AudioCodecs">
      <UniqueIdentifier>{1843b1b5-36b6-45a6-a21a-b5e2ae31014d}</UniqueIdentifier>
    </Filter>
    <Filter Include="HeaderFiles\Windows">
      <UniqueIdentifier>{80031416-8f03-4c0c-bb47-609cbb6140de}</UniqueIdentifier>
    </Filter>
    <Filter Include="SourceFiles">
      <UniqueIdentifier>{9ad72c3c-48e4-4e2a-869e-6f611aa8cdb5}</UniqueIdentifier>
    </Filter>
    <Filter Include="SourceFiles\AudioFormats">
      <UniqueIdentifier>{70cb229e-4a65-4e2b-9bad-4a4eb1dc3e94}</UniqueIdentifier>
    </Filter>
    <Filter Include="SourceFiles\AudioStructs">
      <UniqueIdentifier>{0a7fcc38-cdce-4704-b08f-3e79f39cf8ed}</UniqueIdentifier>
    </Filter>
    <Filter Include="SourceFiles\NativeAudio">
      <UniqueIdentifier>{2caae077-88ed-4680-9906-4d585017b4aa}</UniqueIdentifier>
    </Filter>
    <Filter Include="SourceFiles\Oscillators">
      <UniqueIdentifier>{b830d0cf-bd31-42c7-9f99-313d1eae36e9}</UniqueIdentifier>
    </Filter>
    <Filter Include="SourceFiles\AudioCodecs">
      <UniqueIdentifier>{ca75d65b-95e5-47fc-8ce7-581e92b656ba}</UniqueIdentifier>
    </Filter>
    <Filter Include="SourceFiles\Windows">
      <UniqueIdentifier>{b763edda-680b-45bd-8d1d-74de1ed08e4c}</UniqueIdentifier>
    </Filter>
    <Filter Include="HeaderFiles\FFmpeg">
      <UniqueIdentifier>{95e96adf-2f40-4394-a440-bd4c948dc250}</UniqueIdentifier>
    </Filter>
    <Filter Include="SourceFiles\FFmpeg">
      <UniqueIdentifier>{e762f2da-fdb9-4b61-b6ff-9f0d2b90adcb}</UniqueIdentifier>
    </Filter>
  </ItemGroup>
  <ItemGroup>
    <ClInclude Include="$(MSBuildThisFileDirectory)HeaderFiles\HephAudioShared.h">
      <Filter>HeaderFiles</Filter>
    </ClInclude>
    <ClInclude Include="$(MSBuildThisFileDirectory)HeaderFiles\AudioProcessor.h">
      <Filter>HeaderFiles</Filter>
    </ClInclude>
    <ClInclude Include="$(MSBuildThisFileDirectory)HeaderFiles\AudioDevice.h">
      <Filter>HeaderFiles\AudioStructs</Filter>
    </ClInclude>
    <ClInclude Include="$(MSBuildThisFileDirectory)HeaderFiles\AudioObject.h">
      <Filter>HeaderFiles\AudioStructs</Filter>
    </ClInclude>
    <ClInclude Include="$(MSBuildThisFileDirectory)HeaderFiles\NativeAudio\NativeAudio.h">
      <Filter>HeaderFiles\NativeAudio</Filter>
    </ClInclude>
    <ClInclude Include="$(MSBuildThisFileDirectory)HeaderFiles\NativeAudio\WinAudio.h">
      <Filter>HeaderFiles\NativeAudio</Filter>
    </ClInclude>
    <ClInclude Include="$(MSBuildThisFileDirectory)HeaderFiles\NativeAudio\WinAudioDS.h">
      <Filter>HeaderFiles\NativeAudio</Filter>
    </ClInclude>
    <ClInclude Include="$(MSBuildThisFileDirectory)HeaderFiles\AudioFormatInfo.h">
      <Filter>HeaderFiles\AudioStructs</Filter>
    </ClInclude>
    <ClInclude Include="$(MSBuildThisFileDirectory)HeaderFiles\NativeAudio\AndroidAudioSLES.h">
      <Filter>HeaderFiles\NativeAudio</Filter>
    </ClInclude>
    <ClInclude Include="$(MSBuildThisFileDirectory)HeaderFiles\EchoInfo.h">
      <Filter>HeaderFiles\AudioStructs</Filter>
    </ClInclude>
    <ClInclude Include="$(MSBuildThisFileDirectory)HeaderFiles\Audio.h">
      <Filter>HeaderFiles</Filter>
    </ClInclude>
    <ClInclude Include="$(MSBuildThisFileDirectory)HeaderFiles\EqualizerInfo.h">
      <Filter>HeaderFiles\AudioStructs</Filter>
    </ClInclude>
    <ClInclude Include="$(MSBuildThisFileDirectory)HeaderFiles\NativeAudio\AndroidAudioA.h">
      <Filter>HeaderFiles\NativeAudio</Filter>
    </ClInclude>
    <ClInclude Include="$(MSBuildThisFileDirectory)HeaderFiles\NativeAudio\AndroidAudioBase.h">
      <Filter>HeaderFiles\NativeAudio</Filter>
    </ClInclude>
    <ClInclude Include="$(MSBuildThisFileDirectory)HeaderFiles\AudioEvents\AudioRenderEventResult.h">
      <Filter>HeaderFiles\Events\Results</Filter>
    </ClInclude>
    <ClInclude Include="$(MSBuildThisFileDirectory)HeaderFiles\AudioEvents\AudioRenderEventArgs.h">
      <Filter>HeaderFiles\Events\Args</Filter>
    </ClInclude>
    <ClInclude Include="$(MSBuildThisFileDirectory)HeaderFiles\AudioEvents\AudioDeviceEventArgs.h">
      <Filter>HeaderFiles\Events\Args</Filter>
    </ClInclude>
    <ClInclude Include="$(MSBuildThisFileDirectory)HeaderFiles\AudioEvents\AudioCaptureEventArgs.h">
      <Filter>HeaderFiles\Events\Args</Filter>
    </ClInclude>
    <ClInclude Include="$(MSBuildThisFileDirectory)HeaderFiles\AudioEvents\AudioFinishedPlayingEventArgs.h">
      <Filter>HeaderFiles\Events\Args</Filter>
    </ClInclude>
    <ClInclude Include="$(MSBuildThisFileDirectory)HeaderFiles\Oscillators\Oscillator.h">
      <Filter>HeaderFiles\Oscillators</Filter>
    </ClInclude>
    <ClInclude Include="$(MSBuildThisFileDirectory)HeaderFiles\Oscillators\SineWaveOscillator.h">
      <Filter>HeaderFiles\Oscillators</Filter>
    </ClInclude>
    <ClInclude Include="$(MSBuildThisFileDirectory)HeaderFiles\Oscillators\SquareWaveOscillator.h">
      <Filter>HeaderFiles\Oscillators</Filter>
    </ClInclude>
    <ClInclude Include="$(MSBuildThisFileDirectory)HeaderFiles\Oscillators\TriangleWaveOscillator.h">
      <Filter>HeaderFiles\Oscillators</Filter>
    </ClInclude>
    <ClInclude Include="$(MSBuildThisFileDirectory)HeaderFiles\Oscillators\SawToothWaveOscillator.h">
      <Filter>HeaderFiles\Oscillators</Filter>
    </ClInclude>
    <ClInclude Include="$(MSBuildThisFileDirectory)HeaderFiles\AudioEvents\AudioEventArgs.h">
      <Filter>HeaderFiles\Events\Args</Filter>
    </ClInclude>
    <ClInclude Include="$(MSBuildThisFileDirectory)HeaderFiles\NativeAudio\LinuxAudio.h">
      <Filter>HeaderFiles\NativeAudio</Filter>
    </ClInclude>
    <ClInclude Include="$(MSBuildThisFileDirectory)HeaderFiles\NativeAudio\AppleAudio.h">
      <Filter>HeaderFiles\NativeAudio</Filter>
    </ClInclude>
    <ClInclude Include="$(MSBuildThisFileDirectory)HeaderFiles\AudioStream.h">
      <Filter>HeaderFiles</Filter>
    </ClInclude>
    <ClInclude Include="$(MSBuildThisFileDirectory)HeaderFiles\AudioBuffer.h">
      <Filter>HeaderFiles</Filter>
    </ClInclude>
    <ClInclude Include="$(MSBuildThisFileDirectory)HeaderFiles\Windows\Window.h">
      <Filter>HeaderFiles\Windows</Filter>
    </ClInclude>
    <ClInclude Include="$(MSBuildThisFileDirectory)HeaderFiles\Windows\RectangularWindow.h">
      <Filter>HeaderFiles\Windows</Filter>
    </ClInclude>
    <ClInclude Include="$(MSBuildThisFileDirectory)HeaderFiles\Windows\TriangularWindow.h">
      <Filter>HeaderFiles\Windows</Filter>
    </ClInclude>
    <ClInclude Include="$(MSBuildThisFileDirectory)HeaderFiles\Windows\ParzenWindow.h">
      <Filter>HeaderFiles\Windows</Filter>
    </ClInclude>
    <ClInclude Include="$(MSBuildThisFileDirectory)HeaderFiles\Windows\WelchWindow.h">
      <Filter>HeaderFiles\Windows</Filter>
    </ClInclude>
    <ClInclude Include="$(MSBuildThisFileDirectory)HeaderFiles\Windows\SineWindow.h">
      <Filter>HeaderFiles\Windows</Filter>
    </ClInclude>
    <ClInclude Include="$(MSBuildThisFileDirectory)HeaderFiles\Windows\HannWindow.h">
      <Filter>HeaderFiles\Windows</Filter>
    </ClInclude>
    <ClInclude Include="$(MSBuildThisFileDirectory)HeaderFiles\Windows\HammingWindow.h">
      <Filter>HeaderFiles\Windows</Filter>
    </ClInclude>
    <ClInclude Include="$(MSBuildThisFileDirectory)HeaderFiles\Windows\BlackmanWindow.h">
      <Filter>HeaderFiles\Windows</Filter>
    </ClInclude>
    <ClInclude Include="$(MSBuildThisFileDirectory)HeaderFiles\Windows\ExactBlackmanWindow.h">
      <Filter>HeaderFiles\Windows</Filter>
    </ClInclude>
    <ClInclude Include="$(MSBuildThisFileDirectory)HeaderFiles\Windows\NuttallWindow.h">
      <Filter>HeaderFiles\Windows</Filter>
    </ClInclude>
    <ClInclude Include="$(MSBuildThisFileDirectory)HeaderFiles\Windows\BlackmanNuttallWindow.h">
      <Filter>HeaderFiles\Windows</Filter>
    </ClInclude>
    <ClInclude Include="$(MSBuildThisFileDirectory)HeaderFiles\Windows\BlackmanHarrisWindow.h">
      <Filter>HeaderFiles\Windows</Filter>
    </ClInclude>
    <ClInclude Include="$(MSBuildThisFileDirectory)HeaderFiles\Windows\FlatTopWindow.h">
      <Filter>HeaderFiles\Windows</Filter>
    </ClInclude>
    <ClInclude Include="$(MSBuildThisFileDirectory)HeaderFiles\Windows\GaussianWindow.h">
      <Filter>HeaderFiles\Windows</Filter>
    </ClInclude>
    <ClInclude Include="$(MSBuildThisFileDirectory)HeaderFiles\Windows\TukeyWindow.h">
      <Filter>HeaderFiles\Windows</Filter>
    </ClInclude>
    <ClInclude Include="$(MSBuildThisFileDirectory)HeaderFiles\Windows\HannPoissonWindow.h">
      <Filter>HeaderFiles\Windows</Filter>
    </ClInclude>
    <ClInclude Include="$(MSBuildThisFileDirectory)HeaderFiles\Windows\BartlettHannWindow.h">
      <Filter>HeaderFiles\Windows</Filter>
    </ClInclude>
    <ClInclude Include="$(MSBuildThisFileDirectory)HeaderFiles\Windows\LanczosWindow.h">
      <Filter>HeaderFiles\Windows</Filter>
    </ClInclude>
    <ClInclude Include="$(MSBuildThisFileDirectory)HeaderFiles\NativeAudio\WinAudioBase.h">
      <Filter>HeaderFiles\NativeAudio</Filter>
    </ClInclude>
    <ClInclude Include="$(MSBuildThisFileDirectory)HeaderFiles\AudioPlaylist.h">
      <Filter>HeaderFiles</Filter>
    </ClInclude>
    <ClInclude Include="$(MSBuildThisFileDirectory)HeaderFiles\NativeAudio\WinAudioMME.h">
      <Filter>HeaderFiles\NativeAudio</Filter>
    </ClInclude>
    <ClInclude Include="$(MSBuildThisFileDirectory)HeaderFiles\FFmpeg\FFmpegAudioDecoder.h">
      <Filter>HeaderFiles\FFmpeg</Filter>
    </ClInclude>
    <ClInclude Include="$(MSBuildThisFileDirectory)HeaderFiles\FFmpeg\FFmpegAudioShared.h">
      <Filter>HeaderFiles\FFmpeg</Filter>
    </ClInclude>
    <ClInclude Include="$(MSBuildThisFileDirectory)HeaderFiles\FFmpeg\FFmpegAudioEncoder.h">
      <Filter>HeaderFiles\FFmpeg</Filter>
    </ClInclude>
    <ClInclude Include="$(MSBuildThisFileDirectory)HeaderFiles\AudioChannelLayout.h" />
    <ClInclude Include="$(MSBuildThisFileDirectory)HeaderFiles\AudioChannelMixingLookupTables.h" />
    <ClInclude Include="$(MSBuildThisFileDirectory)HeaderFiles\NativeAudio\Params\NativeAudioParams.h" />
    <ClInclude Include="$(MSBuildThisFileDirectory)HeaderFiles\NativeAudio\Params\WasapiParams.h" />
    <ClInclude Include="$(MSBuildThisFileDirectory)HeaderFiles\NativeAudio\Params\AAudioParams.h" />
    <ClInclude Include="$(MSBuildThisFileDirectory)HeaderFiles\NativeAudio\Params\OpenSLParams.h" />
    <ClInclude Include="$(MSBuildThisFileDirectory)HeaderFiles\NativeAudio\Params\AlsaParams.h" />
    <ClInclude Include="$(MSBuildThisFileDirectory)HeaderFiles\Spatializer.h" />
    <ClInclude Include="$(MSBuildThisFileDirectory)HeaderFiles\IAudioDecoder.h" />
    <ClInclude Include="$(MSBuildThisFileDirectory)HeaderFiles\FFmpeg\FFmpegEncodedAudioBuffer.h" />
    <ClInclude Include="$(MSBuildThisFileDirectory)HeaderFiles\EncodedAudioBuffer.h" />
    <ClInclude Include="$(MSBuildThisFileDirectory)HeaderFiles\IAudioEncoder.h" />
    <ClInclude Include="$(MSBuildThisFileDirectory)HeaderFiles\AudioEffects\AudioEffect.h" />
    <ClInclude Include="$(MSBuildThisFileDirectory)HeaderFiles\AudioEffects\LinearPanning.h" />
    <ClInclude Include="$(MSBuildThisFileDirectory)HeaderFiles\AudioEffects\SquareLawPanning.h" />
    <ClInclude Include="$(MSBuildThisFileDirectory)HeaderFiles\AudioEffects\PanningEffect.h" />
    <ClInclude Include="$(MSBuildThisFileDirectory)HeaderFiles\AudioEffects\SineLawPanning.h" />
    <ClInclude Include="$(MSBuildThisFileDirectory)HeaderFiles\AudioEffects\ModulationEffect.h" />
    <ClInclude Include="$(MSBuildThisFileDirectory)HeaderFiles\AudioEffects\Tremolo.h" />
    <ClInclude Include="$(MSBuildThisFileDirectory)HeaderFiles\AudioEffects\Vibrato.h" />
    <ClInclude Include="$(MSBuildThisFileDirectory)HeaderFiles\AudioEffects\DoubleBufferedAudioEffect.h" />
    <ClInclude Include="$(MSBuildThisFileDirectory)HeaderFiles\AudioEffects\Flanger.h" />
    <ClInclude Include="$(MSBuildThisFileDirectory)HeaderFiles\AudioEffects\Chorus.h" />
    <ClInclude Include="$(MSBuildThisFileDirectory)HeaderFiles\AudioEffects\Normalizer.h" />
    <ClInclude Include="$(MSBuildThisFileDirectory)HeaderFiles\AudioEffects\RmsNormalizer.h" />
    <ClInclude Include="$(MSBuildThisFileDirectory)HeaderFiles\AudioEffects\HardClipDistortion.h" />
    <ClInclude Include="$(MSBuildThisFileDirectory)HeaderFiles\AudioEffects\ArctanDistortion.h" />
    <ClInclude Include="$(MSBuildThisFileDirectory)HeaderFiles\AudioEffects\CubicDistortion.h" />
    <ClInclude Include="$(MSBuildThisFileDirectory)HeaderFiles\AudioEffects\Overdrive.h" />
    <ClInclude Include="$(MSBuildThisFileDirectory)HeaderFiles\AudioEffects\LinearFadeIn.h" />
    <ClInclude Include="$(MSBuildThisFileDirectory)HeaderFiles\AudioEffects\LinearFadeOut.h" />
    <ClInclude Include="$(MSBuildThisFileDirectory)HeaderFiles\AudioEffects\Echo.h" />
    <ClInclude Include="$(MSBuildThisFileDirectory)HeaderFiles\AudioEffects\ChangeSampleRateEffect.h" />
    <ClInclude Include="$(MSBuildThisFileDirectory)HeaderFiles\AudioEffects\ChangeSpeedEffect.h" />
    <ClInclude Include="$(MSBuildThisFileDirectory)HeaderFiles\AudioEffects\OlaEffect.h" />
    <ClInclude Include="$(MSBuildThisFileDirectory)HeaderFiles\AudioEffects\FrequencyDomainEffect.h" />
    <ClInclude Include="$(MSBuildThisFileDirectory)HeaderFiles\AudioEffects\LowPassFilter.h" />
    <ClInclude Include="$(MSBuildThisFileDirectory)HeaderFiles\AudioEffects\Equalizer.h" />
    <ClInclude Include="$(MSBuildThisFileDirectory)HeaderFiles\AudioEffects\HighPassFilter.h" />
  </ItemGroup>
  <ItemGroup>
    <ClCompile Include="$(MSBuildThisFileDirectory)SourceFiles\AudioProcessor.cpp">
      <Filter>SourceFiles</Filter>
    </ClCompile>
    <ClCompile Include="$(MSBuildThisFileDirectory)SourceFiles\AudioObject.cpp">
      <Filter>SourceFiles\AudioStructs</Filter>
    </ClCompile>
    <ClCompile Include="$(MSBuildThisFileDirectory)SourceFiles\NativeAudio\NativeAudio.cpp">
      <Filter>SourceFiles\NativeAudio</Filter>
    </ClCompile>
    <ClCompile Include="$(MSBuildThisFileDirectory)SourceFiles\NativeAudio\WinAudio.cpp">
      <Filter>SourceFiles\NativeAudio</Filter>
    </ClCompile>
    <ClCompile Include="$(MSBuildThisFileDirectory)SourceFiles\NativeAudio\WinAudioDS.cpp">
      <Filter>SourceFiles\NativeAudio</Filter>
    </ClCompile>
    <ClCompile Include="$(MSBuildThisFileDirectory)SourceFiles\AudioFormatInfo.cpp">
      <Filter>SourceFiles\AudioStructs</Filter>
    </ClCompile>
    <ClCompile Include="$(MSBuildThisFileDirectory)SourceFiles\NativeAudio\AndroidAudioSLES.cpp">
      <Filter>SourceFiles\NativeAudio</Filter>
    </ClCompile>
    <ClCompile Include="$(MSBuildThisFileDirectory)SourceFiles\EchoInfo.cpp">
      <Filter>SourceFiles\AudioStructs</Filter>
    </ClCompile>
    <ClCompile Include="$(MSBuildThisFileDirectory)SourceFiles\Audio.cpp">
      <Filter>SourceFiles</Filter>
    </ClCompile>
    <ClCompile Include="$(MSBuildThisFileDirectory)SourceFiles\EqualizerInfo.cpp">
      <Filter>SourceFiles\AudioStructs</Filter>
    </ClCompile>
    <ClCompile Include="$(MSBuildThisFileDirectory)SourceFiles\NativeAudio\AndroidAudioA.cpp">
      <Filter>SourceFiles\NativeAudio</Filter>
    </ClCompile>
    <ClCompile Include="$(MSBuildThisFileDirectory)SourceFiles\NativeAudio\AndroidAudioBase.cpp">
      <Filter>SourceFiles\NativeAudio</Filter>
    </ClCompile>
    <ClCompile Include="$(MSBuildThisFileDirectory)SourceFiles\Oscillators\Oscillator.cpp">
      <Filter>SourceFiles\Oscillators</Filter>
    </ClCompile>
    <ClCompile Include="$(MSBuildThisFileDirectory)SourceFiles\Oscillators\SineWaveOscillator.cpp">
      <Filter>SourceFiles\Oscillators</Filter>
    </ClCompile>
    <ClCompile Include="$(MSBuildThisFileDirectory)SourceFiles\Oscillators\SquareWaveOscillator.cpp">
      <Filter>SourceFiles\Oscillators</Filter>
    </ClCompile>
    <ClCompile Include="$(MSBuildThisFileDirectory)SourceFiles\Oscillators\TriangleWaveOscillator.cpp">
      <Filter>SourceFiles\Oscillators</Filter>
    </ClCompile>
    <ClCompile Include="$(MSBuildThisFileDirectory)SourceFiles\Oscillators\SawToothWaveOscillator.cpp">
      <Filter>SourceFiles\Oscillators</Filter>
    </ClCompile>
    <ClCompile Include="$(MSBuildThisFileDirectory)SourceFiles\NativeAudio\LinuxAudio.cpp">
      <Filter>SourceFiles\NativeAudio</Filter>
    </ClCompile>
    <ClCompile Include="$(MSBuildThisFileDirectory)SourceFiles\NativeAudio\AppleAudio.cpp">
      <Filter>SourceFiles\NativeAudio</Filter>
    </ClCompile>
    <ClCompile Include="$(MSBuildThisFileDirectory)SourceFiles\AudioBuffer.cpp">
      <Filter>SourceFiles</Filter>
    </ClCompile>
    <ClCompile Include="$(MSBuildThisFileDirectory)SourceFiles\AudioStream.cpp">
      <Filter>SourceFiles</Filter>
    </ClCompile>
    <ClCompile Include="$(MSBuildThisFileDirectory)SourceFiles\Windows\Window.cpp">
      <Filter>SourceFiles\Windows</Filter>
    </ClCompile>
    <ClCompile Include="$(MSBuildThisFileDirectory)SourceFiles\Windows\RectangularWindow.cpp">
      <Filter>SourceFiles\Windows</Filter>
    </ClCompile>
    <ClCompile Include="$(MSBuildThisFileDirectory)SourceFiles\Windows\TriangularWindow.cpp">
      <Filter>SourceFiles\Windows</Filter>
    </ClCompile>
    <ClCompile Include="$(MSBuildThisFileDirectory)SourceFiles\Windows\ParzenWindow.cpp">
      <Filter>SourceFiles\Windows</Filter>
    </ClCompile>
    <ClCompile Include="$(MSBuildThisFileDirectory)SourceFiles\Windows\WelchWindow.cpp">
      <Filter>SourceFiles\Windows</Filter>
    </ClCompile>
    <ClCompile Include="$(MSBuildThisFileDirectory)SourceFiles\Windows\SineWindow.cpp">
      <Filter>SourceFiles\Windows</Filter>
    </ClCompile>
    <ClCompile Include="$(MSBuildThisFileDirectory)SourceFiles\Windows\HannWindow.cpp">
      <Filter>SourceFiles\Windows</Filter>
    </ClCompile>
    <ClCompile Include="$(MSBuildThisFileDirectory)SourceFiles\Windows\HammingWindow.cpp">
      <Filter>SourceFiles\Windows</Filter>
    </ClCompile>
    <ClCompile Include="$(MSBuildThisFileDirectory)SourceFiles\Windows\BlackmanWindow.cpp">
      <Filter>SourceFiles\Windows</Filter>
    </ClCompile>
    <ClCompile Include="$(MSBuildThisFileDirectory)SourceFiles\Windows\ExactBlackmanWindow.cpp">
      <Filter>SourceFiles\Windows</Filter>
    </ClCompile>
    <ClCompile Include="$(MSBuildThisFileDirectory)SourceFiles\Windows\NuttallWindow.cpp">
      <Filter>SourceFiles\Windows</Filter>
    </ClCompile>
    <ClCompile Include="$(MSBuildThisFileDirectory)SourceFiles\Windows\BlackmanNuttallWindow.cpp">
      <Filter>SourceFiles\Windows</Filter>
    </ClCompile>
    <ClCompile Include="$(MSBuildThisFileDirectory)SourceFiles\Windows\BlackmanHarrisWindow.cpp">
      <Filter>SourceFiles\Windows</Filter>
    </ClCompile>
    <ClCompile Include="$(MSBuildThisFileDirectory)SourceFiles\Windows\FlatTopWindow.cpp">
      <Filter>SourceFiles\Windows</Filter>
    </ClCompile>
    <ClCompile Include="$(MSBuildThisFileDirectory)SourceFiles\Windows\GaussianWindow.cpp">
      <Filter>SourceFiles\Windows</Filter>
    </ClCompile>
    <ClCompile Include="$(MSBuildThisFileDirectory)SourceFiles\Windows\TukeyWindow.cpp">
      <Filter>SourceFiles\Windows</Filter>
    </ClCompile>
    <ClCompile Include="$(MSBuildThisFileDirectory)SourceFiles\Windows\HannPoissonWindow.cpp">
      <Filter>SourceFiles\Windows</Filter>
    </ClCompile>
    <ClCompile Include="$(MSBuildThisFileDirectory)SourceFiles\Windows\BartlettHannWindow.cpp">
      <Filter>SourceFiles\Windows</Filter>
    </ClCompile>
    <ClCompile Include="$(MSBuildThisFileDirectory)SourceFiles\Windows\LanczosWindow.cpp">
      <Filter>SourceFiles\Windows</Filter>
    </ClCompile>
    <ClCompile Include="$(MSBuildThisFileDirectory)SourceFiles\NativeAudio\WinAudioBase.cpp">
      <Filter>SourceFiles\NativeAudio</Filter>
    </ClCompile>
    <ClCompile Include="$(MSBuildThisFileDirectory)SourceFiles\AudioPlaylist.cpp">
      <Filter>SourceFiles</Filter>
    </ClCompile>
    <ClCompile Include="$(MSBuildThisFileDirectory)SourceFiles\NativeAudio\WinAudioMME.cpp">
      <Filter>SourceFiles\NativeAudio</Filter>
    </ClCompile>
    <ClCompile Include="$(MSBuildThisFileDirectory)SourceFiles\FFmpeg\FFmpegAudioDecoder.cpp">
      <Filter>SourceFiles\FFmpeg</Filter>
    </ClCompile>
    <ClCompile Include="$(MSBuildThisFileDirectory)SourceFiles\FFmpeg\FFmpegAudioEncoder.cpp">
      <Filter>SourceFiles\FFmpeg</Filter>
    </ClCompile>
    <ClCompile Include="$(MSBuildThisFileDirectory)SourceFiles\AudioChannelLayout.cpp" />
    <ClCompile Include="$(MSBuildThisFileDirectory)SourceFiles\AudioChannelMixingLookupTables.cpp" />
    <ClCompile Include="$(MSBuildThisFileDirectory)SourceFiles\Spatializer.cpp" />
    <ClCompile Include="$(MSBuildThisFileDirectory)SourceFiles\FFmpeg\FFmpegEncodedAudioBuffer.cpp" />
    <ClCompile Include="$(MSBuildThisFileDirectory)SourceFiles\EncodedAudioBuffer.cpp" />
    <ClCompile Include="$(MSBuildThisFileDirectory)SourceFiles\AudioEvents\AudioRenderEventResult.cpp" />
    <ClCompile Include="$(MSBuildThisFileDirectory)SourceFiles\AudioEvents\AudioRenderEventArgs.cpp" />
    <ClCompile Include="$(MSBuildThisFileDirectory)SourceFiles\AudioEvents\AudioFinishedPlayingEventArgs.cpp" />
    <ClCompile Include="$(MSBuildThisFileDirectory)SourceFiles\AudioEvents\AudioEventArgs.cpp" />
    <ClCompile Include="$(MSBuildThisFileDirectory)SourceFiles\AudioEvents\AudioDeviceEventArgs.cpp" />
    <ClCompile Include="$(MSBuildThisFileDirectory)SourceFiles\AudioEvents\AudioCaptureEventArgs.cpp" />
    <ClCompile Include="$(MSBuildThisFileDirectory)SourceFiles\AudioDevice.cpp" />
    <ClCompile Include="$(MSBuildThisFileDirectory)SourceFiles\HephAudioShared.cpp" />
    <ClCompile Include="$(MSBuildThisFileDirectory)SourceFiles\AudioEffects\AudioEffect.cpp" />
    <ClCompile Include="$(MSBuildThisFileDirectory)SourceFiles\AudioEffects\LinearPanning.cpp" />
    <ClCompile Include="$(MSBuildThisFileDirectory)SourceFiles\AudioEffects\SquareLawPanning.cpp" />
    <ClCompile Include="$(MSBuildThisFileDirectory)SourceFiles\AudioEffects\PanningEffect.cpp" />
    <ClCompile Include="$(MSBuildThisFileDirectory)SourceFiles\AudioEffects\SineLawPanning.cpp" />
    <ClCompile Include="$(MSBuildThisFileDirectory)SourceFiles\AudioEffects\ModulationEffect.cpp" />
    <ClCompile Include="$(MSBuildThisFileDirectory)SourceFiles\AudioEffects\Tremolo.cpp" />
    <ClCompile Include="$(MSBuildThisFileDirectory)SourceFiles\AudioEffects\Vibrato.cpp" />
    <ClCompile Include="$(MSBuildThisFileDirectory)SourceFiles\AudioEffects\DoubleBufferedAudioEffect.cpp" />
    <ClCompile Include="$(MSBuildThisFileDirectory)SourceFiles\AudioEffects\Flanger.cpp" />
    <ClCompile Include="$(MSBuildThisFileDirectory)SourceFiles\AudioEffects\Chorus.cpp" />
    <ClCompile Include="$(MSBuildThisFileDirectory)SourceFiles\AudioEffects\Normalizer.cpp" />
    <ClCompile Include="$(MSBuildThisFileDirectory)SourceFiles\AudioEffects\RmsNormalizer.cpp" />
    <ClCompile Include="$(MSBuildThisFileDirectory)SourceFiles\AudioEffects\HardClipDistortion.cpp" />
    <ClCompile Include="$(MSBuildThisFileDirectory)SourceFiles\AudioEffects\ArctanDistortion.cpp" />
    <ClCompile Include="$(MSBuildThisFileDirectory)SourceFiles\AudioEffects\CubicDistortion.cpp" />
    <ClCompile Include="$(MSBuildThisFileDirectory)SourceFiles\AudioEffects\Overdrive.cpp" />
    <ClCompile Include="$(MSBuildThisFileDirectory)SourceFiles\AudioEffects\LinearFadeIn.cpp" />
    <ClCompile Include="$(MSBuildThisFileDirectory)SourceFiles\AudioEffects\LinearFadeOut.cpp" />
    <ClCompile Include="$(MSBuildThisFileDirectory)SourceFiles\AudioEffects\Echo.cpp" />
    <ClCompile Include="$(MSBuildThisFileDirectory)SourceFiles\AudioEffects\ChangeSampleRateEffect.cpp" />
    <ClCompile Include="$(MSBuildThisFileDirectory)SourceFiles\AudioEffects\ChangeSpeedEffect.cpp" />
    <ClCompile Include="$(MSBuildThisFileDirectory)SourceFiles\AudioEffects\OlaEffect.cpp" />
    <ClCompile Include="$(MSBuildThisFileDirectory)SourceFiles\AudioEffects\FrequencyDomainEffect.cpp" />
    <ClCompile Include="$(MSBuildThisFileDirectory)SourceFiles\AudioEffects\LowPassFilter.cpp" />
    <ClCompile Include="$(MSBuildThisFileDirectory)SourceFiles\AudioEffects\Equalizer.cpp" />
    <ClCompile Include="$(MSBuildThisFileDirectory)SourceFiles\AudioEffects\HighPassFilter.cpp" />
  </ItemGroup>
</Project>