<?xml version="1.0" encoding="utf-8"?>
<Project ToolsVersion="4.0" xmlns="http://schemas.microsoft.com/developer/msbuild/2003">
  <ItemGroup>
    <Filter Include="HeaderFiles">
      <UniqueIdentifier>{3bf5b30c-6b04-4593-b678-2591b268bf5b}</UniqueIdentifier>
    </Filter>
    <Filter Include="HeaderFiles\AudioFormats">
      <UniqueIdentifier>{f40df24f-bf38-4d63-b84d-11d0822b8e2a}</UniqueIdentifier>
    </Filter>
    <Filter Include="HeaderFiles\AudioStructs">
      <UniqueIdentifier>{7fc1bede-5a56-4a47-b312-361959bfca91}</UniqueIdentifier>
    </Filter>
    <Filter Include="HeaderFiles\NativeAudio">
      <UniqueIdentifier>{28bbd6b8-db48-4d3f-b928-cdc7c7e87297}</UniqueIdentifier>
    </Filter>
    <Filter Include="HeaderFiles\Events">
      <UniqueIdentifier>{242ac56b-00c4-4282-ba24-06be01d4bd40}</UniqueIdentifier>
    </Filter>
    <Filter Include="HeaderFiles\Events\Args">
      <UniqueIdentifier>{21cab1f0-6e19-48e2-9eec-7c21178e4bc7}</UniqueIdentifier>
    </Filter>
    <Filter Include="HeaderFiles\Events\Results">
      <UniqueIdentifier>{fee30d6f-5a01-4043-9a4d-bff499127af7}</UniqueIdentifier>
    </Filter>
    <Filter Include="HeaderFiles\Oscillators">
      <UniqueIdentifier>{6aa74870-c719-4d8f-855f-b0362054fbd8}</UniqueIdentifier>
    </Filter>
    <Filter Include="HeaderFiles\AudioCodecs">
      <UniqueIdentifier>{1843b1b5-36b6-45a6-a21a-b5e2ae31014d}</UniqueIdentifier>
    </Filter>
    <Filter Include="HeaderFiles\Windows">
      <UniqueIdentifier>{80031416-8f03-4c0c-bb47-609cbb6140de}</UniqueIdentifier>
    </Filter>
    <Filter Include="SourceFiles">
      <UniqueIdentifier>{9ad72c3c-48e4-4e2a-869e-6f611aa8cdb5}</UniqueIdentifier>
    </Filter>
    <Filter Include="SourceFiles\AudioFormats">
      <UniqueIdentifier>{70cb229e-4a65-4e2b-9bad-4a4eb1dc3e94}</UniqueIdentifier>
    </Filter>
    <Filter Include="SourceFiles\AudioStructs">
      <UniqueIdentifier>{0a7fcc38-cdce-4704-b08f-3e79f39cf8ed}</UniqueIdentifier>
    </Filter>
    <Filter Include="SourceFiles\NativeAudio">
      <UniqueIdentifier>{2caae077-88ed-4680-9906-4d585017b4aa}</UniqueIdentifier>
    </Filter>
    <Filter Include="SourceFiles\Oscillators">
      <UniqueIdentifier>{b830d0cf-bd31-42c7-9f99-313d1eae36e9}</UniqueIdentifier>
    </Filter>
    <Filter Include="SourceFiles\AudioCodecs">
      <UniqueIdentifier>{ca75d65b-95e5-47fc-8ce7-581e92b656ba}</UniqueIdentifier>
    </Filter>
    <Filter Include="SourceFiles\Windows">
      <UniqueIdentifier>{b763edda-680b-45bd-8d1d-74de1ed08e4c}</UniqueIdentifier>
    </Filter>
  </ItemGroup>
  <ItemGroup>
    <ClInclude Include="$(MSBuildThisFileDirectory)HephAudioFramework.h">
      <Filter>HeaderFiles</Filter>
    </ClInclude>
    <ClInclude Include="$(MSBuildThisFileDirectory)AudioProcessor.h">
      <Filter>HeaderFiles</Filter>
    </ClInclude>
    <ClInclude Include="$(MSBuildThisFileDirectory)AiffFormat.h">
      <Filter>HeaderFiles\AudioFormats</Filter>
    </ClInclude>
    <ClInclude Include="$(MSBuildThisFileDirectory)AudioFileFormatManager.h">
      <Filter>HeaderFiles\AudioFormats</Filter>
    </ClInclude>
    <ClInclude Include="$(MSBuildThisFileDirectory)IAudioFileFormat.h">
      <Filter>HeaderFiles\AudioFormats</Filter>
    </ClInclude>
    <ClInclude Include="$(MSBuildThisFileDirectory)WavFormat.h">
      <Filter>HeaderFiles\AudioFormats</Filter>
    </ClInclude>
    <ClInclude Include="$(MSBuildThisFileDirectory)AudioDevice.h">
      <Filter>HeaderFiles\AudioStructs</Filter>
    </ClInclude>
    <ClInclude Include="$(MSBuildThisFileDirectory)AudioObject.h">
      <Filter>HeaderFiles\AudioStructs</Filter>
    </ClInclude>
    <ClInclude Include="$(MSBuildThisFileDirectory)int24.h">
      <Filter>HeaderFiles\AudioStructs</Filter>
    </ClInclude>
    <ClInclude Include="$(MSBuildThisFileDirectory)NativeAudio.h">
      <Filter>HeaderFiles\NativeAudio</Filter>
    </ClInclude>
    <ClInclude Include="$(MSBuildThisFileDirectory)WinAudio.h">
      <Filter>HeaderFiles\NativeAudio</Filter>
    </ClInclude>
    <ClInclude Include="$(MSBuildThisFileDirectory)WinAudioDS.h">
      <Filter>HeaderFiles\NativeAudio</Filter>
    </ClInclude>
    <ClInclude Include="$(MSBuildThisFileDirectory)AudioFormatInfo.h">
      <Filter>HeaderFiles\AudioStructs</Filter>
    </ClInclude>
    <ClInclude Include="$(MSBuildThisFileDirectory)AndroidAudioSLES.h">
      <Filter>HeaderFiles\NativeAudio</Filter>
    </ClInclude>
    <ClInclude Include="$(MSBuildThisFileDirectory)EchoInfo.h">
      <Filter>HeaderFiles\AudioStructs</Filter>
    </ClInclude>
    <ClInclude Include="$(MSBuildThisFileDirectory)Audio.h">
      <Filter>HeaderFiles</Filter>
    </ClInclude>
    <ClInclude Include="$(MSBuildThisFileDirectory)EqualizerInfo.h">
      <Filter>HeaderFiles\AudioStructs</Filter>
    </ClInclude>
    <ClInclude Include="$(MSBuildThisFileDirectory)AndroidAudioA.h">
      <Filter>HeaderFiles\NativeAudio</Filter>
    </ClInclude>
    <ClInclude Include="$(MSBuildThisFileDirectory)AndroidAudioBase.h">
      <Filter>HeaderFiles\NativeAudio</Filter>
    </ClInclude>
    <ClInclude Include="$(MSBuildThisFileDirectory)AudioRenderEventResult.h">
      <Filter>HeaderFiles\Events\Results</Filter>
    </ClInclude>
    <ClInclude Include="$(MSBuildThisFileDirectory)AudioRenderEventArgs.h">
      <Filter>HeaderFiles\Events\Args</Filter>
    </ClInclude>
    <ClInclude Include="$(MSBuildThisFileDirectory)AudioDeviceEventArgs.h">
      <Filter>HeaderFiles\Events\Args</Filter>
    </ClInclude>
    <ClInclude Include="$(MSBuildThisFileDirectory)AudioCaptureEventArgs.h">
      <Filter>HeaderFiles\Events\Args</Filter>
    </ClInclude>
    <ClInclude Include="$(MSBuildThisFileDirectory)AudioFinishedPlayingEventArgs.h">
      <Filter>HeaderFiles\Events\Args</Filter>
    </ClInclude>
    <ClInclude Include="$(MSBuildThisFileDirectory)Oscillator.h">
      <Filter>HeaderFiles\Oscillators</Filter>
    </ClInclude>
    <ClInclude Include="$(MSBuildThisFileDirectory)SineWaveOscillator.h">
      <Filter>HeaderFiles\Oscillators</Filter>
    </ClInclude>
    <ClInclude Include="$(MSBuildThisFileDirectory)SquareWaveOscillator.h">
      <Filter>HeaderFiles\Oscillators</Filter>
    </ClInclude>
    <ClInclude Include="$(MSBuildThisFileDirectory)TriangleWaveOscillator.h">
      <Filter>HeaderFiles\Oscillators</Filter>
    </ClInclude>
    <ClInclude Include="$(MSBuildThisFileDirectory)SawToothWaveOscillator.h">
      <Filter>HeaderFiles\Oscillators</Filter>
    </ClInclude>
    <ClInclude Include="$(MSBuildThisFileDirectory)IAudioCodec.h">
      <Filter>HeaderFiles\AudioCodecs</Filter>
    </ClInclude>
    <ClInclude Include="$(MSBuildThisFileDirectory)EncodedBufferInfo.h">
      <Filter>HeaderFiles\AudioCodecs</Filter>
    </ClInclude>
    <ClInclude Include="$(MSBuildThisFileDirectory)PcmCodec.h">
      <Filter>HeaderFiles\AudioCodecs</Filter>
    </ClInclude>
    <ClInclude Include="$(MSBuildThisFileDirectory)AudioCodecManager.h">
      <Filter>HeaderFiles\AudioCodecs</Filter>
    </ClInclude>
    <ClInclude Include="$(MSBuildThisFileDirectory)IEEE_FloatCodec.h">
      <Filter>HeaderFiles\AudioCodecs</Filter>
    </ClInclude>
    <ClInclude Include="$(MSBuildThisFileDirectory)MuLawCodec.h">
      <Filter>HeaderFiles\AudioCodecs</Filter>
    </ClInclude>
    <ClInclude Include="$(MSBuildThisFileDirectory)ALawCodec.h">
      <Filter>HeaderFiles\AudioCodecs</Filter>
    </ClInclude>
    <ClInclude Include="$(MSBuildThisFileDirectory)AudioEventArgs.h">
      <Filter>HeaderFiles\Events\Args</Filter>
    </ClInclude>
    <ClInclude Include="$(MSBuildThisFileDirectory)LinuxAudio.h">
      <Filter>HeaderFiles\NativeAudio</Filter>
    </ClInclude>
    <ClInclude Include="$(MSBuildThisFileDirectory)AppleAudio.h">
      <Filter>HeaderFiles\NativeAudio</Filter>
    </ClInclude>
    <ClInclude Include="$(MSBuildThisFileDirectory)AudioStream.h">
      <Filter>HeaderFiles</Filter>
    </ClInclude>
    <ClInclude Include="$(MSBuildThisFileDirectory)AudioBuffer.h">
      <Filter>HeaderFiles</Filter>
    </ClInclude>
    <ClInclude Include="$(MSBuildThisFileDirectory)Window.h">
      <Filter>HeaderFiles\Windows</Filter>
    </ClInclude>
    <ClInclude Include="$(MSBuildThisFileDirectory)RectangularWindow.h">
      <Filter>HeaderFiles\Windows</Filter>
    </ClInclude>
    <ClInclude Include="$(MSBuildThisFileDirectory)TriangularWindow.h">
      <Filter>HeaderFiles\Windows</Filter>
    </ClInclude>
    <ClInclude Include="$(MSBuildThisFileDirectory)ParzenWindow.h">
      <Filter>HeaderFiles\Windows</Filter>
    </ClInclude>
    <ClInclude Include="$(MSBuildThisFileDirectory)WelchWindow.h">
      <Filter>HeaderFiles\Windows</Filter>
    </ClInclude>
    <ClInclude Include="$(MSBuildThisFileDirectory)SineWindow.h">
      <Filter>HeaderFiles\Windows</Filter>
    </ClInclude>
    <ClInclude Include="$(MSBuildThisFileDirectory)HannWindow.h">
      <Filter>HeaderFiles\Windows</Filter>
    </ClInclude>
    <ClInclude Include="$(MSBuildThisFileDirectory)HammingWindow.h">
      <Filter>HeaderFiles\Windows</Filter>
    </ClInclude>
    <ClInclude Include="$(MSBuildThisFileDirectory)BlackmanWindow.h">
      <Filter>HeaderFiles\Windows</Filter>
    </ClInclude>
    <ClInclude Include="$(MSBuildThisFileDirectory)ExactBlackmanWindow.h">
      <Filter>HeaderFiles\Windows</Filter>
    </ClInclude>
    <ClInclude Include="$(MSBuildThisFileDirectory)NuttallWindow.h">
      <Filter>HeaderFiles\Windows</Filter>
    </ClInclude>
    <ClInclude Include="$(MSBuildThisFileDirectory)BlackmanNuttallWindow.h">
      <Filter>HeaderFiles\Windows</Filter>
    </ClInclude>
    <ClInclude Include="$(MSBuildThisFileDirectory)BlackmanHarrisWindow.h">
      <Filter>HeaderFiles\Windows</Filter>
    </ClInclude>
    <ClInclude Include="$(MSBuildThisFileDirectory)FlatTopWindow.h">
      <Filter>HeaderFiles\Windows</Filter>
    </ClInclude>
    <ClInclude Include="$(MSBuildThisFileDirectory)GaussianWindow.h">
      <Filter>HeaderFiles\Windows</Filter>
    </ClInclude>
    <ClInclude Include="$(MSBuildThisFileDirectory)TukeyWindow.h">
      <Filter>HeaderFiles\Windows</Filter>
    </ClInclude>
    <ClInclude Include="$(MSBuildThisFileDirectory)HannPoissonWindow.h">
      <Filter>HeaderFiles\Windows</Filter>
    </ClInclude>
    <ClInclude Include="$(MSBuildThisFileDirectory)BartlettHannWindow.h">
      <Filter>HeaderFiles\Windows</Filter>
    </ClInclude>
    <ClInclude Include="$(MSBuildThisFileDirectory)LanczosWindow.h">
      <Filter>HeaderFiles\Windows</Filter>
    </ClInclude>
    <ClInclude Include="$(MSBuildThisFileDirectory)RoomImpulseResponse.h">
      <Filter>HeaderFiles</Filter>
    </ClInclude>
    <ClInclude Include="$(MSBuildThisFileDirectory)WinAudioBase.h">
      <Filter>HeaderFiles\NativeAudio</Filter>
    </ClInclude>
    <ClInclude Include="$(MSBuildThisFileDirectory)AudioPlaylist.h">
      <Filter>HeaderFiles</Filter>
    </ClInclude>
    <ClInclude Include="$(MSBuildThisFileDirectory)WinAudioMME.h">
      <Filter>HeaderFiles\NativeAudio</Filter>
    </ClInclude>
  </ItemGroup>
  <ItemGroup>
    <ClCompile Include="$(MSBuildThisFileDirectory)AudioProcessor.cpp">
      <Filter>SourceFiles</Filter>
    </ClCompile>
    <ClCompile Include="$(MSBuildThisFileDirectory)AiffFormat.cpp">
      <Filter>SourceFiles\AudioFormats</Filter>
    </ClCompile>
    <ClCompile Include="$(MSBuildThisFileDirectory)WavFormat.cpp">
      <Filter>SourceFiles\AudioFormats</Filter>
    </ClCompile>
    <ClCompile Include="$(MSBuildThisFileDirectory)AudioObject.cpp">
      <Filter>SourceFiles\AudioStructs</Filter>
    </ClCompile>
    <ClCompile Include="$(MSBuildThisFileDirectory)NativeAudio.cpp">
      <Filter>SourceFiles\NativeAudio</Filter>
    </ClCompile>
    <ClCompile Include="$(MSBuildThisFileDirectory)WinAudio.cpp">
      <Filter>SourceFiles\NativeAudio</Filter>
    </ClCompile>
    <ClCompile Include="$(MSBuildThisFileDirectory)WinAudioDS.cpp">
      <Filter>SourceFiles\NativeAudio</Filter>
    </ClCompile>
    <ClCompile Include="$(MSBuildThisFileDirectory)AudioFormatInfo.cpp">
      <Filter>SourceFiles\AudioStructs</Filter>
    </ClCompile>
    <ClCompile Include="$(MSBuildThisFileDirectory)AndroidAudioSLES.cpp">
      <Filter>SourceFiles\NativeAudio</Filter>
    </ClCompile>
    <ClCompile Include="$(MSBuildThisFileDirectory)AudioFileFormatManager.cpp">
      <Filter>SourceFiles\AudioFormats</Filter>
    </ClCompile>
    <ClCompile Include="$(MSBuildThisFileDirectory)EchoInfo.cpp">
      <Filter>SourceFiles\AudioStructs</Filter>
    </ClCompile>
    <ClCompile Include="$(MSBuildThisFileDirectory)Audio.cpp">
      <Filter>SourceFiles</Filter>
    </ClCompile>
    <ClCompile Include="$(MSBuildThisFileDirectory)int24.cpp">
      <Filter>SourceFiles\AudioStructs</Filter>
    </ClCompile>
    <ClCompile Include="$(MSBuildThisFileDirectory)EqualizerInfo.cpp">
      <Filter>SourceFiles\AudioStructs</Filter>
    </ClCompile>
    <ClCompile Include="$(MSBuildThisFileDirectory)AndroidAudioA.cpp">
      <Filter>SourceFiles\NativeAudio</Filter>
    </ClCompile>
    <ClCompile Include="$(MSBuildThisFileDirectory)AndroidAudioBase.cpp">
      <Filter>SourceFiles\NativeAudio</Filter>
    </ClCompile>
    <ClCompile Include="$(MSBuildThisFileDirectory)Oscillator.cpp">
      <Filter>SourceFiles\Oscillators</Filter>
    </ClCompile>
    <ClCompile Include="$(MSBuildThisFileDirectory)SineWaveOscillator.cpp">
      <Filter>SourceFiles\Oscillators</Filter>
    </ClCompile>
    <ClCompile Include="$(MSBuildThisFileDirectory)SquareWaveOscillator.cpp">
      <Filter>SourceFiles\Oscillators</Filter>
    </ClCompile>
    <ClCompile Include="$(MSBuildThisFileDirectory)TriangleWaveOscillator.cpp">
      <Filter>SourceFiles\Oscillators</Filter>
    </ClCompile>
    <ClCompile Include="$(MSBuildThisFileDirectory)SawToothWaveOscillator.cpp">
      <Filter>SourceFiles\Oscillators</Filter>
    </ClCompile>
    <ClCompile Include="$(MSBuildThisFileDirectory)PcmCodec.cpp">
      <Filter>SourceFiles\AudioCodecs</Filter>
    </ClCompile>
    <ClCompile Include="$(MSBuildThisFileDirectory)AudioCodecManager.cpp">
      <Filter>SourceFiles\AudioCodecs</Filter>
    </ClCompile>
    <ClCompile Include="$(MSBuildThisFileDirectory)IEEE_FloatCodec.cpp">
      <Filter>SourceFiles\AudioCodecs</Filter>
    </ClCompile>
    <ClCompile Include="$(MSBuildThisFileDirectory)MuLawCodec.cpp">
      <Filter>SourceFiles\AudioCodecs</Filter>
    </ClCompile>
    <ClCompile Include="$(MSBuildThisFileDirectory)ALawCodec.cpp">
      <Filter>SourceFiles\AudioCodecs</Filter>
    </ClCompile>
    <ClCompile Include="$(MSBuildThisFileDirectory)LinuxAudio.cpp">
      <Filter>SourceFiles\NativeAudio</Filter>
    </ClCompile>
    <ClCompile Include="$(MSBuildThisFileDirectory)AppleAudio.cpp">
      <Filter>SourceFiles\NativeAudio</Filter>
    </ClCompile>
    <ClCompile Include="$(MSBuildThisFileDirectory)AudioBuffer.cpp">
      <Filter>SourceFiles</Filter>
    </ClCompile>
    <ClCompile Include="$(MSBuildThisFileDirectory)AudioStream.cpp">
      <Filter>SourceFiles</Filter>
    </ClCompile>
    <ClCompile Include="$(MSBuildThisFileDirectory)Window.cpp">
      <Filter>SourceFiles\Windows</Filter>
    </ClCompile>
    <ClCompile Include="$(MSBuildThisFileDirectory)RectangularWindow.cpp">
      <Filter>SourceFiles\Windows</Filter>
    </ClCompile>
    <ClCompile Include="$(MSBuildThisFileDirectory)TriangularWindow.cpp">
      <Filter>SourceFiles\Windows</Filter>
    </ClCompile>
    <ClCompile Include="$(MSBuildThisFileDirectory)ParzenWindow.cpp">
      <Filter>SourceFiles\Windows</Filter>
    </ClCompile>
    <ClCompile Include="$(MSBuildThisFileDirectory)WelchWindow.cpp">
      <Filter>SourceFiles\Windows</Filter>
    </ClCompile>
    <ClCompile Include="$(MSBuildThisFileDirectory)SineWindow.cpp">
      <Filter>SourceFiles\Windows</Filter>
    </ClCompile>
    <ClCompile Include="$(MSBuildThisFileDirectory)HannWindow.cpp">
      <Filter>SourceFiles\Windows</Filter>
    </ClCompile>
    <ClCompile Include="$(MSBuildThisFileDirectory)HammingWindow.cpp">
      <Filter>SourceFiles\Windows</Filter>
    </ClCompile>
    <ClCompile Include="$(MSBuildThisFileDirectory)BlackmanWindow.cpp">
      <Filter>SourceFiles\Windows</Filter>
    </ClCompile>
    <ClCompile Include="$(MSBuildThisFileDirectory)ExactBlackmanWindow.cpp">
      <Filter>SourceFiles\Windows</Filter>
    </ClCompile>
    <ClCompile Include="$(MSBuildThisFileDirectory)NuttallWindow.cpp">
      <Filter>SourceFiles\Windows</Filter>
    </ClCompile>
    <ClCompile Include="$(MSBuildThisFileDirectory)BlackmanNuttallWindow.cpp">
      <Filter>SourceFiles\Windows</Filter>
    </ClCompile>
    <ClCompile Include="$(MSBuildThisFileDirectory)BlackmanHarrisWindow.cpp">
      <Filter>SourceFiles\Windows</Filter>
    </ClCompile>
    <ClCompile Include="$(MSBuildThisFileDirectory)FlatTopWindow.cpp">
      <Filter>SourceFiles\Windows</Filter>
    </ClCompile>
    <ClCompile Include="$(MSBuildThisFileDirectory)GaussianWindow.cpp">
      <Filter>SourceFiles\Windows</Filter>
    </ClCompile>
    <ClCompile Include="$(MSBuildThisFileDirectory)TukeyWindow.cpp">
      <Filter>SourceFiles\Windows</Filter>
    </ClCompile>
    <ClCompile Include="$(MSBuildThisFileDirectory)HannPoissonWindow.cpp">
      <Filter>SourceFiles\Windows</Filter>
    </ClCompile>
    <ClCompile Include="$(MSBuildThisFileDirectory)BartlettHannWindow.cpp">
      <Filter>SourceFiles\Windows</Filter>
    </ClCompile>
    <ClCompile Include="$(MSBuildThisFileDirectory)LanczosWindow.cpp">
      <Filter>SourceFiles\Windows</Filter>
    </ClCompile>
    <ClCompile Include="$(MSBuildThisFileDirectory)RoomImpulseResponse.cpp">
      <Filter>SourceFiles</Filter>
    </ClCompile>
    <ClCompile Include="$(MSBuildThisFileDirectory)WinAudioBase.cpp">
      <Filter>SourceFiles\NativeAudio</Filter>
    </ClCompile>
    <ClCompile Include="$(MSBuildThisFileDirectory)AudioPlaylist.cpp">
      <Filter>SourceFiles</Filter>
    </ClCompile>
    <ClCompile Include="$(MSBuildThisFileDirectory)WinAudioMME.cpp">
      <Filter>SourceFiles\NativeAudio</Filter>
    </ClCompile>
  </ItemGroup>
</Project>