<?xml version="1.0" encoding="utf-8"?>
<Project ToolsVersion="4.0" xmlns="http://schemas.microsoft.com/developer/msbuild/2003">
  <ItemGroup>
    <Filter Include="Header Files">
      <UniqueIdentifier>{3bf5b30c-6b04-4593-b678-2591b268bf5b}</UniqueIdentifier>
    </Filter>
    <Filter Include="Source Files">
      <UniqueIdentifier>{9ad72c3c-48e4-4e2a-869e-6f611aa8cdb5}</UniqueIdentifier>
    </Filter>
    <Filter Include="Header Files\AudioFormats">
      <UniqueIdentifier>{f40df24f-bf38-4d63-b84d-11d0822b8e2a}</UniqueIdentifier>
    </Filter>
    <Filter Include="Source Files\AudioFormats">
      <UniqueIdentifier>{70cb229e-4a65-4e2b-9bad-4a4eb1dc3e94}</UniqueIdentifier>
    </Filter>
    <Filter Include="Header Files\AudioStructs">
      <UniqueIdentifier>{7fc1bede-5a56-4a47-b312-361959bfca91}</UniqueIdentifier>
    </Filter>
    <Filter Include="Source Files\AudioStructs">
      <UniqueIdentifier>{0a7fcc38-cdce-4704-b08f-3e79f39cf8ed}</UniqueIdentifier>
    </Filter>
    <Filter Include="Source Files\NativeAudio">
      <UniqueIdentifier>{2caae077-88ed-4680-9906-4d585017b4aa}</UniqueIdentifier>
    </Filter>
    <Filter Include="Header Files\NativeAudio">
      <UniqueIdentifier>{28bbd6b8-db48-4d3f-b928-cdc7c7e87297}</UniqueIdentifier>
    </Filter>
    <Filter Include="Source Files\Buffers">
      <UniqueIdentifier>{230b06ca-9ac1-4a9e-9a14-5541193c2745}</UniqueIdentifier>
    </Filter>
    <Filter Include="Header Files\Buffers">
      <UniqueIdentifier>{4df69e4e-064b-41d4-abfc-05786bf33ed0}</UniqueIdentifier>
    </Filter>
    <Filter Include="Header Files\Events">
      <UniqueIdentifier>{242ac56b-00c4-4282-ba24-06be01d4bd40}</UniqueIdentifier>
    </Filter>
    <Filter Include="Source Files\Events">
      <UniqueIdentifier>{b3bf1938-9041-43a1-b499-f657218be0f7}</UniqueIdentifier>
    </Filter>
    <Filter Include="Header Files\Events\Args">
      <UniqueIdentifier>{21cab1f0-6e19-48e2-9eec-7c21178e4bc7}</UniqueIdentifier>
    </Filter>
    <Filter Include="Source Files\Events\Args">
      <UniqueIdentifier>{88dd4d2d-b3d2-4ebf-bf4d-f893a15cf28e}</UniqueIdentifier>
    </Filter>
    <Filter Include="Header Files\Events\Results">
      <UniqueIdentifier>{fee30d6f-5a01-4043-9a4d-bff499127af7}</UniqueIdentifier>
    </Filter>
  </ItemGroup>
  <ItemGroup>
    <ClInclude Include="$(MSBuildThisFileDirectory)framework.h">
      <Filter>Header Files</Filter>
    </ClInclude>
    <ClInclude Include="$(MSBuildThisFileDirectory)AudioFile.h">
      <Filter>Header Files</Filter>
    </ClInclude>
    <ClInclude Include="$(MSBuildThisFileDirectory)AudioProcessor.h">
      <Filter>Header Files</Filter>
    </ClInclude>
    <ClInclude Include="$(MSBuildThisFileDirectory)Fourier.h">
      <Filter>Header Files</Filter>
    </ClInclude>
    <ClInclude Include="$(MSBuildThisFileDirectory)AiffFormat.h">
      <Filter>Header Files\AudioFormats</Filter>
    </ClInclude>
    <ClInclude Include="$(MSBuildThisFileDirectory)AudioFormats.h">
      <Filter>Header Files\AudioFormats</Filter>
    </ClInclude>
    <ClInclude Include="$(MSBuildThisFileDirectory)IAudioFormat.h">
      <Filter>Header Files\AudioFormats</Filter>
    </ClInclude>
    <ClInclude Include="$(MSBuildThisFileDirectory)WavFormat.h">
      <Filter>Header Files\AudioFormats</Filter>
    </ClInclude>
    <ClInclude Include="$(MSBuildThisFileDirectory)AudioDevice.h">
      <Filter>Header Files\AudioStructs</Filter>
    </ClInclude>
    <ClInclude Include="$(MSBuildThisFileDirectory)AudioException.h">
      <Filter>Header Files\AudioStructs</Filter>
    </ClInclude>
    <ClInclude Include="$(MSBuildThisFileDirectory)Category.h">
      <Filter>Header Files\AudioStructs</Filter>
    </ClInclude>
    <ClInclude Include="$(MSBuildThisFileDirectory)Complex.h">
      <Filter>Header Files\AudioStructs</Filter>
    </ClInclude>
    <ClInclude Include="$(MSBuildThisFileDirectory)AudioObject.h">
      <Filter>Header Files\AudioStructs</Filter>
    </ClInclude>
    <ClInclude Include="$(MSBuildThisFileDirectory)int24.h">
      <Filter>Header Files\AudioStructs</Filter>
    </ClInclude>
    <ClInclude Include="$(MSBuildThisFileDirectory)NativeAudio.h">
      <Filter>Header Files\NativeAudio</Filter>
    </ClInclude>
    <ClInclude Include="$(MSBuildThisFileDirectory)WinAudio.h">
      <Filter>Header Files\NativeAudio</Filter>
    </ClInclude>
    <ClInclude Include="$(MSBuildThisFileDirectory)WinAudioDS.h">
      <Filter>Header Files\NativeAudio</Filter>
    </ClInclude>
    <ClInclude Include="$(MSBuildThisFileDirectory)AudioFormatInfo.h">
      <Filter>Header Files\AudioStructs</Filter>
    </ClInclude>
    <ClInclude Include="$(MSBuildThisFileDirectory)AndroidAudioSLES.h">
      <Filter>Header Files\NativeAudio</Filter>
    </ClInclude>
    <ClInclude Include="$(MSBuildThisFileDirectory)EchoInfo.h">
      <Filter>Header Files\AudioStructs</Filter>
    </ClInclude>
    <ClInclude Include="$(MSBuildThisFileDirectory)Audio.h">
      <Filter>Header Files</Filter>
    </ClInclude>
    <ClInclude Include="$(MSBuildThisFileDirectory)EqualizerInfo.h">
      <Filter>Header Files\AudioStructs</Filter>
    </ClInclude>
    <ClInclude Include="$(MSBuildThisFileDirectory)AndroidAudioA.h">
      <Filter>Header Files\NativeAudio</Filter>
    </ClInclude>
    <ClInclude Include="$(MSBuildThisFileDirectory)AndroidAudioBase.h">
      <Filter>Header Files\NativeAudio</Filter>
    </ClInclude>
    <ClInclude Include="$(MSBuildThisFileDirectory)ConsoleLogger.h">
      <Filter>Header Files</Filter>
    </ClInclude>
    <ClInclude Include="$(MSBuildThisFileDirectory)StopWatch.h">
      <Filter>Header Files</Filter>
    </ClInclude>
    <ClInclude Include="$(MSBuildThisFileDirectory)StringBuffer.h">
      <Filter>Header Files\Buffers</Filter>
    </ClInclude>
    <ClInclude Include="$(MSBuildThisFileDirectory)ComplexBuffer.h">
      <Filter>Header Files\Buffers</Filter>
    </ClInclude>
    <ClInclude Include="$(MSBuildThisFileDirectory)AudioBuffer.h">
      <Filter>Header Files\Buffers</Filter>
    </ClInclude>
    <ClInclude Include="$(MSBuildThisFileDirectory)AudioEventArgs.h">
      <Filter>Header Files\Events\Args</Filter>
    </ClInclude>
    <ClInclude Include="$(MSBuildThisFileDirectory)AudioEvent.h">
      <Filter>Header Files\Events</Filter>
    </ClInclude>
    <ClInclude Include="$(MSBuildThisFileDirectory)AudioEventResult.h">
      <Filter>Header Files\Events\Results</Filter>
    </ClInclude>
    <ClInclude Include="$(MSBuildThisFileDirectory)AudioRenderEventResult.h">
      <Filter>Header Files\Events\Results</Filter>
    </ClInclude>
    <ClInclude Include="$(MSBuildThisFileDirectory)AudioRenderEventArgs.h">
      <Filter>Header Files\Events\Args</Filter>
    </ClInclude>
    <ClInclude Include="$(MSBuildThisFileDirectory)AudioExceptionEventArgs.h">
      <Filter>Header Files\Events\Args</Filter>
    </ClInclude>
    <ClInclude Include="$(MSBuildThisFileDirectory)AudioDeviceEventArgs.h">
      <Filter>Header Files\Events\Args</Filter>
    </ClInclude>
    <ClInclude Include="$(MSBuildThisFileDirectory)AudioCaptureEventArgs.h">
      <Filter>Header Files\Events\Args</Filter>
    </ClInclude>
    <ClInclude Include="$(MSBuildThisFileDirectory)AudioFinishedPlayingEventArgs.h">
      <Filter>Header Files\Events\Args</Filter>
    </ClInclude>
  </ItemGroup>
  <ItemGroup>
    <ClCompile Include="$(MSBuildThisFileDirectory)AudioFile.cpp">
      <Filter>Source Files</Filter>
    </ClCompile>
    <ClCompile Include="$(MSBuildThisFileDirectory)AudioProcessor.cpp">
      <Filter>Source Files</Filter>
    </ClCompile>
    <ClCompile Include="$(MSBuildThisFileDirectory)Fourier.cpp">
      <Filter>Source Files</Filter>
    </ClCompile>
    <ClCompile Include="$(MSBuildThisFileDirectory)AiffFormat.cpp">
      <Filter>Source Files\AudioFormats</Filter>
    </ClCompile>
    <ClCompile Include="$(MSBuildThisFileDirectory)WavFormat.cpp">
      <Filter>Source Files\AudioFormats</Filter>
    </ClCompile>
    <ClCompile Include="$(MSBuildThisFileDirectory)AudioException.cpp">
      <Filter>Source Files\AudioStructs</Filter>
    </ClCompile>
    <ClCompile Include="$(MSBuildThisFileDirectory)Category.cpp">
      <Filter>Source Files\AudioStructs</Filter>
    </ClCompile>
    <ClCompile Include="$(MSBuildThisFileDirectory)Complex.cpp">
      <Filter>Source Files\AudioStructs</Filter>
    </ClCompile>
    <ClCompile Include="$(MSBuildThisFileDirectory)AudioObject.cpp">
      <Filter>Source Files\AudioStructs</Filter>
    </ClCompile>
    <ClCompile Include="$(MSBuildThisFileDirectory)NativeAudio.cpp">
      <Filter>Source Files\NativeAudio</Filter>
    </ClCompile>
    <ClCompile Include="$(MSBuildThisFileDirectory)WinAudio.cpp">
      <Filter>Source Files\NativeAudio</Filter>
    </ClCompile>
    <ClCompile Include="$(MSBuildThisFileDirectory)WinAudioDS.cpp">
      <Filter>Source Files\NativeAudio</Filter>
    </ClCompile>
    <ClCompile Include="$(MSBuildThisFileDirectory)AudioFormatInfo.cpp">
      <Filter>Source Files\AudioStructs</Filter>
    </ClCompile>
    <ClCompile Include="$(MSBuildThisFileDirectory)AndroidAudioSLES.cpp">
      <Filter>Source Files\NativeAudio</Filter>
    </ClCompile>
    <ClCompile Include="$(MSBuildThisFileDirectory)AudioFormats.cpp">
      <Filter>Source Files\AudioFormats</Filter>
    </ClCompile>
    <ClCompile Include="$(MSBuildThisFileDirectory)EchoInfo.cpp">
      <Filter>Source Files\AudioStructs</Filter>
    </ClCompile>
    <ClCompile Include="$(MSBuildThisFileDirectory)Audio.cpp">
      <Filter>Source Files</Filter>
    </ClCompile>
    <ClCompile Include="$(MSBuildThisFileDirectory)int24.cpp">
      <Filter>Source Files\AudioStructs</Filter>
    </ClCompile>
    <ClCompile Include="$(MSBuildThisFileDirectory)EqualizerInfo.cpp">
      <Filter>Source Files\AudioStructs</Filter>
    </ClCompile>
    <ClCompile Include="$(MSBuildThisFileDirectory)AndroidAudioA.cpp">
      <Filter>Source Files\NativeAudio</Filter>
    </ClCompile>
    <ClCompile Include="$(MSBuildThisFileDirectory)AndroidAudioBase.cpp">
      <Filter>Source Files\NativeAudio</Filter>
    </ClCompile>
    <ClCompile Include="$(MSBuildThisFileDirectory)ConsoleLogger.cpp">
      <Filter>Source Files</Filter>
    </ClCompile>
    <ClCompile Include="$(MSBuildThisFileDirectory)StopWatch.cpp">
      <Filter>Source Files</Filter>
    </ClCompile>
    <ClCompile Include="$(MSBuildThisFileDirectory)StringBuffer.cpp">
      <Filter>Source Files\Buffers</Filter>
    </ClCompile>
    <ClCompile Include="$(MSBuildThisFileDirectory)AudioBuffer.cpp">
      <Filter>Source Files\Buffers</Filter>
    </ClCompile>
    <ClCompile Include="$(MSBuildThisFileDirectory)ComplexBuffer.cpp">
      <Filter>Source Files\Buffers</Filter>
    </ClCompile>
    <ClCompile Include="$(MSBuildThisFileDirectory)AudioEventArgs.cpp">
      <Filter>Source Files\Events\Args</Filter>
    </ClCompile>
    <ClCompile Include="$(MSBuildThisFileDirectory)AudioEvent.cpp">
      <Filter>Source Files\Events</Filter>
    </ClCompile>
    <ClCompile Include="$(MSBuildThisFileDirectory)AudioRenderEventArgs.cpp">
      <Filter>Source Files\Events\Args</Filter>
    </ClCompile>
    <ClCompile Include="$(MSBuildThisFileDirectory)AudioExceptionEventArgs.cpp">
      <Filter>Source Files\Events\Args</Filter>
    </ClCompile>
    <ClCompile Include="$(MSBuildThisFileDirectory)AudioDeviceEventArgs.cpp">
      <Filter>Source Files\Events\Args</Filter>
    </ClCompile>
    <ClCompile Include="$(MSBuildThisFileDirectory)AudioCaptureEventArgs.cpp">
      <Filter>Source Files\Events\Args</Filter>
    </ClCompile>
    <ClCompile Include="$(MSBuildThisFileDirectory)AudioFinishedPlayingEventArgs.cpp">
      <Filter>Source Files\Events\Args</Filter>
    </ClCompile>
  </ItemGroup>
</Project>