<?xml version="1.0" encoding="utf-8"?>
<Project ToolsVersion="4.0" xmlns="http://schemas.microsoft.com/developer/msbuild/2003">
  <ItemGroup>
    <ClInclude Include="$(MSBuildThisFileDirectory)HeaderFiles\StringBuffer.h" />
    <ClInclude Include="$(MSBuildThisFileDirectory)HeaderFiles\StopWatch.h" />
    <ClInclude Include="$(MSBuildThisFileDirectory)HeaderFiles\HephException.h" />
    <ClInclude Include="$(MSBuildThisFileDirectory)HeaderFiles\HephCommonFramework.h" />
    <ClInclude Include="$(MSBuildThisFileDirectory)HeaderFiles\ConsoleLogger.h" />
    <ClInclude Include="$(MSBuildThisFileDirectory)HeaderFiles\Complex.h" />
    <ClInclude Include="$(MSBuildThisFileDirectory)HeaderFiles\File.h" />
    <ClInclude Include="$(MSBuildThisFileDirectory)HeaderFiles\FloatBuffer.h" />
    <ClInclude Include="$(MSBuildThisFileDirectory)HeaderFiles\EventArgs.h" />
    <ClInclude Include="$(MSBuildThisFileDirectory)HeaderFiles\EventResult.h" />
    <ClInclude Include="$(MSBuildThisFileDirectory)HeaderFiles\Event.h" />
    <ClInclude Include="$(MSBuildThisFileDirectory)HeaderFiles\ComplexBuffer.h" />
    <ClInclude Include="$(MSBuildThisFileDirectory)HeaderFiles\Vector.h" />
    <ClInclude Include="$(MSBuildThisFileDirectory)HeaderFiles\Color.h" />
    <ClInclude Include="$(MSBuildThisFileDirectory)HeaderFiles\ColorBuffer.h" />
    <ClInclude Include="$(MSBuildThisFileDirectory)HeaderFiles\HephMath.h" />
    <ClInclude Include="$(MSBuildThisFileDirectory)HeaderFiles\Guid.h" />
    <ClInclude Include="$(MSBuildThisFileDirectory)HeaderFiles\BitStream.h" />
    <ClInclude Include="$(MSBuildThisFileDirectory)HeaderFiles\StreamStatus.h" />
    <ClInclude Include="$(MSBuildThisFileDirectory)HeaderFiles\JsonStream.h" />
    <ClInclude Include="$(MSBuildThisFileDirectory)HeaderFiles\CsvStream.h" />
    <ClInclude Include="$(MSBuildThisFileDirectory)HeaderFiles\XmlStream.h" />
    <ClInclude Include="$(MSBuildThisFileDirectory)HeaderFiles\StreamHelpers.h" />
    <ClInclude Include="$(MSBuildThisFileDirectory)HeaderFiles\Matrix.h" />
  </ItemGroup>
  <ItemGroup>
    <ClCompile Include="$(MSBuildThisFileDirectory)SourceFiles\ConsoleLogger.cpp" />
    <ClCompile Include="$(MSBuildThisFileDirectory)SourceFiles\HephException.cpp" />
    <ClCompile Include="$(MSBuildThisFileDirectory)SourceFiles\StopWatch.cpp" />
    <ClCompile Include="$(MSBuildThisFileDirectory)SourceFiles\StringBuffer.cpp" />
    <ClCompile Include="$(MSBuildThisFileDirectory)SourceFiles\File.cpp" />
    <ClCompile Include="$(MSBuildThisFileDirectory)SourceFiles\FloatBuffer.cpp" />
    <ClCompile Include="$(MSBuildThisFileDirectory)SourceFiles\Event.cpp" />
    <ClCompile Include="$(MSBuildThisFileDirectory)SourceFiles\ComplexBuffer.cpp" />
    <ClCompile Include="$(MSBuildThisFileDirectory)SourceFiles\HephCommonFramework.cpp" />
    <ClCompile Include="$(MSBuildThisFileDirectory)SourceFiles\BitStream.cpp" />
    <ClCompile Include="$(MSBuildThisFileDirectory)SourceFiles\JsonStream.cpp" />
    <ClCompile Include="$(MSBuildThisFileDirectory)SourceFiles\CsvStream.cpp" />
    <ClCompile Include="$(MSBuildThisFileDirectory)SourceFiles\XmlStream.cpp" />
    <ClCompile Include="$(MSBuildThisFileDirectory)SourceFiles\StreamHelpers.cpp" />
    <ClCompile Include="$(MSBuildThisFileDirectory)SourceFiles\Matrix.cpp" />
    <ClCompile Include="$(MSBuildThisFileDirectory)SourceFiles\Guid.cpp" />
  </ItemGroup>
</Project>